
Microsoft Visual Studio Solution File, Format Version 12.00
Project("{FAE04EC0-301F-11D3-BF4B-00C04F79EFBC}") = "GameDay-Sync", "GameDay-Sync\GameDay-Sync.csproj", "{F088CBF9-4001-43CC-9DFB-8DACB4ED340A}"
EndProject
Global
	GlobalSection(SolutionConfigurationPlatforms) = preSolution
		Debug|Any CPU = Debug|Any CPU
		Release|Any CPU = Release|Any CPU
	EndGlobalSection
	GlobalSection(ProjectConfigurationPlatforms) = postSolution
		{F088CBF9-4001-43CC-9DFB-8DACB4ED340A}.Debug|Any CPU.ActiveCfg = Debug|Any CPU
		{F088CBF9-4001-43CC-9DFB-8DACB4ED340A}.Debug|Any CPU.Build.0 = Debug|Any CPU
		{F088CBF9-4001-43CC-9DFB-8DACB4ED340A}.Release|Any CPU.ActiveCfg = Release|Any CPU
		{F088CBF9-4001-43CC-9DFB-8DACB4ED340A}.Release|Any CPU.Build.0 = Release|Any CPU
	EndGlobalSection
EndGlobal
